
Microsoft Visual Studio Solution File, Format Version 12.00
# Visual Studio Version 16
VisualStudioVersion = 16.0.31729.503
MinimumVisualStudioVersion = 10.0.40219.1
Project("{9A19103F-16F7-4668-BE54-9A1E7A4F7556}") = "Library Managment System", "src\MVC\Library Managment System.csproj", "{48A4A1E9-28E5-42C6-8E69-68F3698393A3}"
EndProject
Global
	GlobalSection(SolutionConfigurationPlatforms) = preSolution
		Debug|Any CPU = Debug|Any CPU
		Release|Any CPU = Release|Any CPU
	EndGlobalSection
	GlobalSection(ProjectConfigurationPlatforms) = postSolution
		{48A4A1E9-28E5-42C6-8E69-68F3698393A3}.Debug|Any CPU.ActiveCfg = Debug|Any CPU
		{48A4A1E9-28E5-42C6-8E69-68F3698393A3}.Debug|Any CPU.Build.0 = Debug|Any CPU
		{48A4A1E9-28E5-42C6-8E69-68F3698393A3}.Release|Any CPU.ActiveCfg = Release|Any CPU
		{48A4A1E9-28E5-42C6-8E69-68F3698393A3}.Release|Any CPU.Build.0 = Release|Any CPU
	EndGlobalSection
	GlobalSection(SolutionProperties) = preSolution
		HideSolutionNode = FALSE
	EndGlobalSection
	GlobalSection(ExtensibilityGlobals) = postSolution
		SolutionGuid = {BF69AE12-85B3-4B00-B663-D6298522FE5C}
	EndGlobalSection
EndGlobal
